
Microsoft Visual Studio Solution File, Format Version 12.00
# Visual Studio Version 16
VisualStudioVersion = 16.0.28922.388
MinimumVisualStudioVersion = 10.0.40219.1
Project("{FAE04EC0-301F-11D3-BF4B-00C04F79EFBC}") = "ChessEngineTests", "ChessEngineTests\ChessEngineTests.csproj", "{9EB0E9F5-70BC-4A66-A513-2007059C0904}"
EndProject
Project("{FAE04EC0-301F-11D3-BF4B-00C04F79EFBC}") = "ChessEngine", "ChessEngine\ChessEngine.csproj", "{E4391067-8A7C-4FA1-B08D-BA250738B937}"
EndProject
Project("{FAE04EC0-301F-11D3-BF4B-00C04F79EFBC}") = "EngineEvaluation", "EngineEvaluation\EngineEvaluation.csproj", "{B73E8089-2EA5-439F-B4AD-0331480103CF}"
EndProject
Project("{FAE04EC0-301F-11D3-BF4B-00C04F79EFBC}") = "BitboardVisualiser", "BitboardVisualiser\BitboardVisualiser.csproj", "{345832C4-FAC6-44B5-A16F-7F6FFE01ACFF}"
EndProject
Project("{FAE04EC0-301F-11D3-BF4B-00C04F79EFBC}") = "BitboardVisualiserTest", "BitboardVisualiserTest\BitboardVisualiserTest.csproj", "{AD7A769F-9213-4B93-9C9F-A4A43640C1F7}"
EndProject
Project("{FAE04EC0-301F-11D3-BF4B-00C04F79EFBC}") = "Genie_CommandLine", "Genie_CommandLine\Genie_CommandLine.csproj", "{78D6EEBC-CD5B-49C2-A878-58FCB74E14E3}"
EndProject
Project("{FAE04EC0-301F-11D3-BF4B-00C04F79EFBC}") = "Genie_UCI", "Genie_UCI\Genie_UCI.csproj", "{14D76474-C90B-436F-8A41-C96376259DC5}"
EndProject
Project("{FAE04EC0-301F-11D3-BF4B-00C04F79EFBC}") = "ResourceLoading", "ResourceLoading\ResourceLoading.csproj", "{7D4F16B0-ADFA-45FF-B0C0-1844B9EC3C35}"
EndProject
Project("{FAE04EC0-301F-11D3-BF4B-00C04F79EFBC}") = "Genie_WPF", "Genie_WPF\Genie_WPF.csproj", "{50F0B236-EB80-443D-924F-67C65F6F9336}"
EndProject
Global
	GlobalSection(SolutionConfigurationPlatforms) = preSolution
		Debug|Any CPU = Debug|Any CPU
		Debug|Mixed Platforms = Debug|Mixed Platforms
		Debug|x64 = Debug|x64
		Debug|x86 = Debug|x86
		FullNodeCountDebug|Any CPU = FullNodeCountDebug|Any CPU
		FullNodeCountDebug|Mixed Platforms = FullNodeCountDebug|Mixed Platforms
		FullNodeCountDebug|x64 = FullNodeCountDebug|x64
		FullNodeCountDebug|x86 = FullNodeCountDebug|x86
		Release|Any CPU = Release|Any CPU
		Release|Mixed Platforms = Release|Mixed Platforms
		Release|x64 = Release|x64
		Release|x86 = Release|x86
		UCI|Any CPU = UCI|Any CPU
		UCI|Mixed Platforms = UCI|Mixed Platforms
		UCI|x64 = UCI|x64
		UCI|x86 = UCI|x86
	EndGlobalSection
	GlobalSection(ProjectConfigurationPlatforms) = postSolution
		{9EB0E9F5-70BC-4A66-A513-2007059C0904}.Debug|Any CPU.ActiveCfg = Debug|Any CPU
		{9EB0E9F5-70BC-4A66-A513-2007059C0904}.Debug|Any CPU.Build.0 = Debug|Any CPU
		{9EB0E9F5-70BC-4A66-A513-2007059C0904}.Debug|Mixed Platforms.ActiveCfg = Debug|Any CPU
		{9EB0E9F5-70BC-4A66-A513-2007059C0904}.Debug|Mixed Platforms.Build.0 = Debug|Any CPU
		{9EB0E9F5-70BC-4A66-A513-2007059C0904}.FullNodeCountDebug|Any CPU.ActiveCfg = Debug|Any CPU
		{9EB0E9F5-70BC-4A66-A513-2007059C0904}.FullNodeCountDebug|Any CPU.Build.0 = Debug|Any CPU
		{9EB0E9F5-70BC-4A66-A513-2007059C0904}.FullNodeCountDebug|Mixed Platforms.ActiveCfg = Debug|x86
		{9EB0E9F5-70BC-4A66-A513-2007059C0904}.FullNodeCountDebug|Mixed Platforms.Build.0 = Debug|x86
		{9EB0E9F5-70BC-4A66-A513-2007059C0904}.FullNodeCountDebug|x64.ActiveCfg = Debug|x64
		{9EB0E9F5-70BC-4A66-A513-2007059C0904}.FullNodeCountDebug|x64.Build.0 = Debug|x64
		{9EB0E9F5-70BC-4A66-A513-2007059C0904}.FullNodeCountDebug|x86.ActiveCfg = Debug|x86
		{9EB0E9F5-70BC-4A66-A513-2007059C0904}.FullNodeCountDebug|x86.Build.0 = Debug|x86
		{9EB0E9F5-70BC-4A66-A513-2007059C0904}.Release|Any CPU.ActiveCfg = Release|Any CPU
		{9EB0E9F5-70BC-4A66-A513-2007059C0904}.Release|Any CPU.Build.0 = Release|Any CPU
		{9EB0E9F5-70BC-4A66-A513-2007059C0904}.Release|Mixed Platforms.ActiveCfg = Release|Any CPU
		{9EB0E9F5-70BC-4A66-A513-2007059C0904}.Release|Mixed Platforms.Build.0 = Release|Any CPU
		{9EB0E9F5-70BC-4A66-A513-2007059C0904}.Release|x64.ActiveCfg = Release|x64
		{9EB0E9F5-70BC-4A66-A513-2007059C0904}.Release|x64.Build.0 = Release|x64
		{9EB0E9F5-70BC-4A66-A513-2007059C0904}.Release|x86.ActiveCfg = Release|x86
		{9EB0E9F5-70BC-4A66-A513-2007059C0904}.Release|x86.Build.0 = Release|x86
		{9EB0E9F5-70BC-4A66-A513-2007059C0904}.UCI|Any CPU.ActiveCfg = UCI|Any CPU
		{9EB0E9F5-70BC-4A66-A513-2007059C0904}.UCI|Any CPU.Build.0 = UCI|Any CPU
		{9EB0E9F5-70BC-4A66-A513-2007059C0904}.UCI|Mixed Platforms.ActiveCfg = UCI|x86
		{9EB0E9F5-70BC-4A66-A513-2007059C0904}.UCI|Mixed Platforms.Build.0 = UCI|x86
		{9EB0E9F5-70BC-4A66-A513-2007059C0904}.UCI|x64.ActiveCfg = UCI|x64
		{9EB0E9F5-70BC-4A66-A513-2007059C0904}.UCI|x64.Build.0 = UCI|x64
		{9EB0E9F5-70BC-4A66-A513-2007059C0904}.UCI|x86.ActiveCfg = UCI|x86
		{9EB0E9F5-70BC-4A66-A513-2007059C0904}.UCI|x86.Build.0 = UCI|x86
		{9EB0E9F5-70BC-4A66-A513-2007059C0904}.Debug|x64.ActiveCfg = Debug|x64
		{9EB0E9F5-70BC-4A66-A513-2007059C0904}.Debug|x64.Build.0 = Debug|x64
		{9EB0E9F5-70BC-4A66-A513-2007059C0904}.Debug|x86.ActiveCfg = Debug|x64
		{9EB0E9F5-70BC-4A66-A513-2007059C0904}.Debug|x86.Build.0 = Debug|x64
		{E4391067-8A7C-4FA1-B08D-BA250738B937}.Debug|Any CPU.ActiveCfg = Debug|Any CPU
		{E4391067-8A7C-4FA1-B08D-BA250738B937}.Debug|Any CPU.Build.0 = Debug|Any CPU
		{E4391067-8A7C-4FA1-B08D-BA250738B937}.Debug|Mixed Platforms.ActiveCfg = Debug|Any CPU
		{E4391067-8A7C-4FA1-B08D-BA250738B937}.Debug|Mixed Platforms.Build.0 = Debug|Any CPU
		{E4391067-8A7C-4FA1-B08D-BA250738B937}.FullNodeCountDebug|Any CPU.ActiveCfg = Debug|Any CPU
		{E4391067-8A7C-4FA1-B08D-BA250738B937}.FullNodeCountDebug|Any CPU.Build.0 = Debug|Any CPU
		{E4391067-8A7C-4FA1-B08D-BA250738B937}.FullNodeCountDebug|Mixed Platforms.ActiveCfg = Debug|x86
		{E4391067-8A7C-4FA1-B08D-BA250738B937}.FullNodeCountDebug|Mixed Platforms.Build.0 = Debug|x86
		{E4391067-8A7C-4FA1-B08D-BA250738B937}.FullNodeCountDebug|x64.ActiveCfg = Debug|x64
		{E4391067-8A7C-4FA1-B08D-BA250738B937}.FullNodeCountDebug|x64.Build.0 = Debug|x64
		{E4391067-8A7C-4FA1-B08D-BA250738B937}.FullNodeCountDebug|x86.ActiveCfg = Debug|x86
		{E4391067-8A7C-4FA1-B08D-BA250738B937}.FullNodeCountDebug|x86.Build.0 = Debug|x86
		{E4391067-8A7C-4FA1-B08D-BA250738B937}.Release|Any CPU.ActiveCfg = Release|Any CPU
		{E4391067-8A7C-4FA1-B08D-BA250738B937}.Release|Any CPU.Build.0 = Release|Any CPU
		{E4391067-8A7C-4FA1-B08D-BA250738B937}.Release|Mixed Platforms.ActiveCfg = Release|Any CPU
		{E4391067-8A7C-4FA1-B08D-BA250738B937}.Release|Mixed Platforms.Build.0 = Release|Any CPU
		{E4391067-8A7C-4FA1-B08D-BA250738B937}.Release|x86.ActiveCfg = Release|x86
		{E4391067-8A7C-4FA1-B08D-BA250738B937}.Release|x86.Build.0 = Release|x86
		{E4391067-8A7C-4FA1-B08D-BA250738B937}.UCI|Any CPU.ActiveCfg = UCI|Any CPU
		{E4391067-8A7C-4FA1-B08D-BA250738B937}.UCI|Any CPU.Build.0 = UCI|Any CPU
		{E4391067-8A7C-4FA1-B08D-BA250738B937}.UCI|Mixed Platforms.ActiveCfg = UCI|x86
		{E4391067-8A7C-4FA1-B08D-BA250738B937}.UCI|Mixed Platforms.Build.0 = UCI|x86
		{E4391067-8A7C-4FA1-B08D-BA250738B937}.UCI|x64.ActiveCfg = UCI|x64
		{E4391067-8A7C-4FA1-B08D-BA250738B937}.UCI|x64.Build.0 = UCI|x64
		{E4391067-8A7C-4FA1-B08D-BA250738B937}.UCI|x86.ActiveCfg = UCI|x86
		{E4391067-8A7C-4FA1-B08D-BA250738B937}.UCI|x86.Build.0 = UCI|x86
		{E4391067-8A7C-4FA1-B08D-BA250738B937}.Debug|x64.ActiveCfg = Debug|x64
		{E4391067-8A7C-4FA1-B08D-BA250738B937}.Debug|x64.Build.0 = Debug|x64
		{E4391067-8A7C-4FA1-B08D-BA250738B937}.Debug|x86.ActiveCfg = Debug|x64
		{E4391067-8A7C-4FA1-B08D-BA250738B937}.Debug|x86.Build.0 = Debug|x64
		{E4391067-8A7C-4FA1-B08D-BA250738B937}.Release|x64.ActiveCfg = Release|x64
		{E4391067-8A7C-4FA1-B08D-BA250738B937}.Release|x64.Build.0 = Release|x64
		{B73E8089-2EA5-439F-B4AD-0331480103CF}.Debug|Any CPU.ActiveCfg = Debug|Any CPU
		{B73E8089-2EA5-439F-B4AD-0331480103CF}.Debug|Any CPU.Build.0 = Debug|Any CPU
		{B73E8089-2EA5-439F-B4AD-0331480103CF}.Debug|Mixed Platforms.ActiveCfg = Debug|Any CPU
		{B73E8089-2EA5-439F-B4AD-0331480103CF}.Debug|Mixed Platforms.Build.0 = Debug|Any CPU
		{B73E8089-2EA5-439F-B4AD-0331480103CF}.Debug|x86.ActiveCfg = Debug|x86
		{B73E8089-2EA5-439F-B4AD-0331480103CF}.Debug|x86.Build.0 = Debug|x86
		{B73E8089-2EA5-439F-B4AD-0331480103CF}.FullNodeCountDebug|Any CPU.ActiveCfg = Debug|Any CPU
		{B73E8089-2EA5-439F-B4AD-0331480103CF}.FullNodeCountDebug|Any CPU.Build.0 = Debug|Any CPU
		{B73E8089-2EA5-439F-B4AD-0331480103CF}.FullNodeCountDebug|Mixed Platforms.ActiveCfg = Debug|x86
		{B73E8089-2EA5-439F-B4AD-0331480103CF}.FullNodeCountDebug|Mixed Platforms.Build.0 = Debug|x86
		{B73E8089-2EA5-439F-B4AD-0331480103CF}.FullNodeCountDebug|x64.ActiveCfg = Debug|x64
		{B73E8089-2EA5-439F-B4AD-0331480103CF}.FullNodeCountDebug|x64.Build.0 = Debug|x64
		{B73E8089-2EA5-439F-B4AD-0331480103CF}.FullNodeCountDebug|x86.ActiveCfg = Debug|x86
		{B73E8089-2EA5-439F-B4AD-0331480103CF}.FullNodeCountDebug|x86.Build.0 = Debug|x86
		{B73E8089-2EA5-439F-B4AD-0331480103CF}.Release|Any CPU.ActiveCfg = Release|Any CPU
		{B73E8089-2EA5-439F-B4AD-0331480103CF}.Release|Any CPU.Build.0 = Release|Any CPU
		{B73E8089-2EA5-439F-B4AD-0331480103CF}.Release|Mixed Platforms.ActiveCfg = Release|Any CPU
		{B73E8089-2EA5-439F-B4AD-0331480103CF}.Release|Mixed Platforms.Build.0 = Release|Any CPU
		{B73E8089-2EA5-439F-B4AD-0331480103CF}.Release|x64.ActiveCfg = Release|x64
		{B73E8089-2EA5-439F-B4AD-0331480103CF}.Release|x64.Build.0 = Release|x64
		{B73E8089-2EA5-439F-B4AD-0331480103CF}.Release|x86.ActiveCfg = Release|x86
		{B73E8089-2EA5-439F-B4AD-0331480103CF}.Release|x86.Build.0 = Release|x86
		{B73E8089-2EA5-439F-B4AD-0331480103CF}.UCI|Any CPU.ActiveCfg = UCI|Any CPU
		{B73E8089-2EA5-439F-B4AD-0331480103CF}.UCI|Any CPU.Build.0 = UCI|Any CPU
		{B73E8089-2EA5-439F-B4AD-0331480103CF}.UCI|Mixed Platforms.ActiveCfg = UCI|x86
		{B73E8089-2EA5-439F-B4AD-0331480103CF}.UCI|Mixed Platforms.Build.0 = UCI|x86
		{B73E8089-2EA5-439F-B4AD-0331480103CF}.UCI|x64.ActiveCfg = UCI|x64
		{B73E8089-2EA5-439F-B4AD-0331480103CF}.UCI|x64.Build.0 = UCI|x64
		{B73E8089-2EA5-439F-B4AD-0331480103CF}.UCI|x86.ActiveCfg = UCI|x86
		{B73E8089-2EA5-439F-B4AD-0331480103CF}.UCI|x86.Build.0 = UCI|x86
		{B73E8089-2EA5-439F-B4AD-0331480103CF}.Debug|x64.ActiveCfg = Debug|x64
		{B73E8089-2EA5-439F-B4AD-0331480103CF}.Debug|x64.Build.0 = Debug|x64
		{345832C4-FAC6-44B5-A16F-7F6FFE01ACFF}.Debug|Any CPU.ActiveCfg = Debug|Any CPU
		{345832C4-FAC6-44B5-A16F-7F6FFE01ACFF}.Debug|Mixed Platforms.ActiveCfg = Debug|Any CPU
		{345832C4-FAC6-44B5-A16F-7F6FFE01ACFF}.Debug|Mixed Platforms.Build.0 = Debug|Any CPU
		{345832C4-FAC6-44B5-A16F-7F6FFE01ACFF}.Debug|x64.ActiveCfg = Debug|x64
		{345832C4-FAC6-44B5-A16F-7F6FFE01ACFF}.Debug|x64.Build.0 = Debug|x64
		{345832C4-FAC6-44B5-A16F-7F6FFE01ACFF}.FullNodeCountDebug|Any CPU.ActiveCfg = Debug|Any CPU
		{345832C4-FAC6-44B5-A16F-7F6FFE01ACFF}.FullNodeCountDebug|Any CPU.Build.0 = Debug|Any CPU
		{345832C4-FAC6-44B5-A16F-7F6FFE01ACFF}.FullNodeCountDebug|Mixed Platforms.ActiveCfg = Debug|x86
		{345832C4-FAC6-44B5-A16F-7F6FFE01ACFF}.FullNodeCountDebug|Mixed Platforms.Build.0 = Debug|x86
		{345832C4-FAC6-44B5-A16F-7F6FFE01ACFF}.FullNodeCountDebug|x64.ActiveCfg = Debug|x64
		{345832C4-FAC6-44B5-A16F-7F6FFE01ACFF}.FullNodeCountDebug|x64.Build.0 = Debug|x64
		{345832C4-FAC6-44B5-A16F-7F6FFE01ACFF}.FullNodeCountDebug|x86.ActiveCfg = Debug|x86
		{345832C4-FAC6-44B5-A16F-7F6FFE01ACFF}.FullNodeCountDebug|x86.Build.0 = Debug|x86
		{345832C4-FAC6-44B5-A16F-7F6FFE01ACFF}.Release|Any CPU.ActiveCfg = Release|Any CPU
		{345832C4-FAC6-44B5-A16F-7F6FFE01ACFF}.Release|Any CPU.Build.0 = Release|Any CPU
		{345832C4-FAC6-44B5-A16F-7F6FFE01ACFF}.Release|Mixed Platforms.ActiveCfg = Release|Any CPU
		{345832C4-FAC6-44B5-A16F-7F6FFE01ACFF}.Release|Mixed Platforms.Build.0 = Release|Any CPU
		{345832C4-FAC6-44B5-A16F-7F6FFE01ACFF}.Release|x64.ActiveCfg = Release|x64
		{345832C4-FAC6-44B5-A16F-7F6FFE01ACFF}.Release|x64.Build.0 = Release|x64
		{345832C4-FAC6-44B5-A16F-7F6FFE01ACFF}.Release|x86.ActiveCfg = Release|x86
		{345832C4-FAC6-44B5-A16F-7F6FFE01ACFF}.Release|x86.Build.0 = Release|x86
		{345832C4-FAC6-44B5-A16F-7F6FFE01ACFF}.UCI|Any CPU.ActiveCfg = UCI|Any CPU
		{345832C4-FAC6-44B5-A16F-7F6FFE01ACFF}.UCI|Any CPU.Build.0 = UCI|Any CPU
		{345832C4-FAC6-44B5-A16F-7F6FFE01ACFF}.UCI|Mixed Platforms.ActiveCfg = UCI|x86
		{345832C4-FAC6-44B5-A16F-7F6FFE01ACFF}.UCI|Mixed Platforms.Build.0 = UCI|x86
		{345832C4-FAC6-44B5-A16F-7F6FFE01ACFF}.UCI|x64.ActiveCfg = UCI|x64
		{345832C4-FAC6-44B5-A16F-7F6FFE01ACFF}.UCI|x64.Build.0 = UCI|x64
		{345832C4-FAC6-44B5-A16F-7F6FFE01ACFF}.UCI|x86.ActiveCfg = UCI|x86
		{345832C4-FAC6-44B5-A16F-7F6FFE01ACFF}.UCI|x86.Build.0 = UCI|x86
		{345832C4-FAC6-44B5-A16F-7F6FFE01ACFF}.Debug|x86.ActiveCfg = Debug|x64
		{345832C4-FAC6-44B5-A16F-7F6FFE01ACFF}.Debug|x86.Build.0 = Debug|x64
		{345832C4-FAC6-44B5-A16F-7F6FFE01ACFF}.Debug|Any CPU.Build.0 = Debug|Any CPU
		{AD7A769F-9213-4B93-9C9F-A4A43640C1F7}.Debug|Any CPU.ActiveCfg = Debug|Any CPU
		{AD7A769F-9213-4B93-9C9F-A4A43640C1F7}.Debug|Mixed Platforms.ActiveCfg = Debug|Any CPU
		{AD7A769F-9213-4B93-9C9F-A4A43640C1F7}.Debug|Mixed Platforms.Build.0 = Debug|Any CPU
		{AD7A769F-9213-4B93-9C9F-A4A43640C1F7}.FullNodeCountDebug|Any CPU.ActiveCfg = Debug|Any CPU
		{AD7A769F-9213-4B93-9C9F-A4A43640C1F7}.FullNodeCountDebug|Any CPU.Build.0 = Debug|Any CPU
		{AD7A769F-9213-4B93-9C9F-A4A43640C1F7}.FullNodeCountDebug|Mixed Platforms.ActiveCfg = Debug|x86
		{AD7A769F-9213-4B93-9C9F-A4A43640C1F7}.FullNodeCountDebug|Mixed Platforms.Build.0 = Debug|x86
		{AD7A769F-9213-4B93-9C9F-A4A43640C1F7}.FullNodeCountDebug|x64.ActiveCfg = Debug|x64
		{AD7A769F-9213-4B93-9C9F-A4A43640C1F7}.FullNodeCountDebug|x64.Build.0 = Debug|x64
		{AD7A769F-9213-4B93-9C9F-A4A43640C1F7}.FullNodeCountDebug|x86.ActiveCfg = Debug|x86
		{AD7A769F-9213-4B93-9C9F-A4A43640C1F7}.FullNodeCountDebug|x86.Build.0 = Debug|x86
		{AD7A769F-9213-4B93-9C9F-A4A43640C1F7}.Release|Any CPU.ActiveCfg = Release|Any CPU
		{AD7A769F-9213-4B93-9C9F-A4A43640C1F7}.Release|Any CPU.Build.0 = Release|Any CPU
		{AD7A769F-9213-4B93-9C9F-A4A43640C1F7}.Release|Mixed Platforms.ActiveCfg = Release|Any CPU
		{AD7A769F-9213-4B93-9C9F-A4A43640C1F7}.Release|Mixed Platforms.Build.0 = Release|Any CPU
		{AD7A769F-9213-4B93-9C9F-A4A43640C1F7}.Release|x64.ActiveCfg = Release|x64
		{AD7A769F-9213-4B93-9C9F-A4A43640C1F7}.Release|x64.Build.0 = Release|x64
		{AD7A769F-9213-4B93-9C9F-A4A43640C1F7}.Release|x86.ActiveCfg = Release|x86
		{AD7A769F-9213-4B93-9C9F-A4A43640C1F7}.Release|x86.Build.0 = Release|x86
		{AD7A769F-9213-4B93-9C9F-A4A43640C1F7}.UCI|Any CPU.ActiveCfg = UCI|Any CPU
		{AD7A769F-9213-4B93-9C9F-A4A43640C1F7}.UCI|Any CPU.Build.0 = UCI|Any CPU
		{AD7A769F-9213-4B93-9C9F-A4A43640C1F7}.UCI|Mixed Platforms.ActiveCfg = UCI|x86
		{AD7A769F-9213-4B93-9C9F-A4A43640C1F7}.UCI|Mixed Platforms.Build.0 = UCI|x86
		{AD7A769F-9213-4B93-9C9F-A4A43640C1F7}.UCI|x64.ActiveCfg = UCI|x64
		{AD7A769F-9213-4B93-9C9F-A4A43640C1F7}.UCI|x64.Build.0 = UCI|x64
		{AD7A769F-9213-4B93-9C9F-A4A43640C1F7}.UCI|x86.ActiveCfg = UCI|x86
		{AD7A769F-9213-4B93-9C9F-A4A43640C1F7}.UCI|x86.Build.0 = UCI|x86
		{AD7A769F-9213-4B93-9C9F-A4A43640C1F7}.Debug|x64.ActiveCfg = Debug|x64
		{AD7A769F-9213-4B93-9C9F-A4A43640C1F7}.Debug|x64.Build.0 = Debug|x64
		{AD7A769F-9213-4B93-9C9F-A4A43640C1F7}.Debug|x86.ActiveCfg = Debug|x64
		{AD7A769F-9213-4B93-9C9F-A4A43640C1F7}.Debug|x86.Build.0 = Debug|x64
		{AD7A769F-9213-4B93-9C9F-A4A43640C1F7}.Debug|Any CPU.Build.0 = Debug|Any CPU
		{14D76474-C90B-436F-8A41-C96376259DC5}.Debug|Any CPU.ActiveCfg = Debug|Any CPU
		{14D76474-C90B-436F-8A41-C96376259DC5}.Debug|Any CPU.Build.0 = Debug|Any CPU
		{14D76474-C90B-436F-8A41-C96376259DC5}.Debug|Mixed Platforms.ActiveCfg = Debug|Any CPU
		{14D76474-C90B-436F-8A41-C96376259DC5}.Debug|Mixed Platforms.Build.0 = Debug|Any CPU
		{14D76474-C90B-436F-8A41-C96376259DC5}.FullNodeCountDebug|Any CPU.ActiveCfg = Debug|Any CPU
		{14D76474-C90B-436F-8A41-C96376259DC5}.FullNodeCountDebug|Any CPU.Build.0 = Debug|Any CPU
		{14D76474-C90B-436F-8A41-C96376259DC5}.FullNodeCountDebug|Mixed Platforms.ActiveCfg = Debug|Any CPU
		{14D76474-C90B-436F-8A41-C96376259DC5}.FullNodeCountDebug|Mixed Platforms.Build.0 = Debug|Any CPU
		{14D76474-C90B-436F-8A41-C96376259DC5}.FullNodeCountDebug|x64.ActiveCfg = Debug|Any CPU
		{14D76474-C90B-436F-8A41-C96376259DC5}.FullNodeCountDebug|x64.Build.0 = Debug|Any CPU
		{14D76474-C90B-436F-8A41-C96376259DC5}.FullNodeCountDebug|x86.ActiveCfg = Debug|Any CPU
		{14D76474-C90B-436F-8A41-C96376259DC5}.FullNodeCountDebug|x86.Build.0 = Debug|Any CPU
		{14D76474-C90B-436F-8A41-C96376259DC5}.Release|Any CPU.ActiveCfg = Release|Any CPU
		{14D76474-C90B-436F-8A41-C96376259DC5}.Release|Any CPU.Build.0 = Release|Any CPU
		{14D76474-C90B-436F-8A41-C96376259DC5}.Release|Mixed Platforms.ActiveCfg = Release|Any CPU
		{14D76474-C90B-436F-8A41-C96376259DC5}.Release|Mixed Platforms.Build.0 = Release|Any CPU
		{14D76474-C90B-436F-8A41-C96376259DC5}.Release|x86.ActiveCfg = Release|Any CPU
		{14D76474-C90B-436F-8A41-C96376259DC5}.Release|x86.Build.0 = Release|Any CPU
		{14D76474-C90B-436F-8A41-C96376259DC5}.UCI|Any CPU.ActiveCfg = UCI|Any CPU
		{14D76474-C90B-436F-8A41-C96376259DC5}.UCI|Any CPU.Build.0 = UCI|Any CPU
		{14D76474-C90B-436F-8A41-C96376259DC5}.UCI|Mixed Platforms.ActiveCfg = UCI|Any CPU
		{14D76474-C90B-436F-8A41-C96376259DC5}.UCI|Mixed Platforms.Build.0 = UCI|Any CPU
		{14D76474-C90B-436F-8A41-C96376259DC5}.UCI|x64.ActiveCfg = UCI|x64
		{14D76474-C90B-436F-8A41-C96376259DC5}.UCI|x64.Build.0 = UCI|x64
		{14D76474-C90B-436F-8A41-C96376259DC5}.UCI|x86.ActiveCfg = UCI|Any CPU
		{14D76474-C90B-436F-8A41-C96376259DC5}.UCI|x86.Build.0 = UCI|Any CPU
		{14D76474-C90B-436F-8A41-C96376259DC5}.Release|x64.ActiveCfg = Release|x64
		{14D76474-C90B-436F-8A41-C96376259DC5}.Release|x64.Build.0 = Release|x64
		{14D76474-C90B-436F-8A41-C96376259DC5}.Debug|x64.ActiveCfg = Debug|x64
		{14D76474-C90B-436F-8A41-C96376259DC5}.Debug|x64.Build.0 = Debug|x64
		{14D76474-C90B-436F-8A41-C96376259DC5}.Debug|x86.ActiveCfg = Debug|x64
		{14D76474-C90B-436F-8A41-C96376259DC5}.Debug|x86.Build.0 = Debug|x64
		{7D4F16B0-ADFA-45FF-B0C0-1844B9EC3C35}.Debug|Any CPU.ActiveCfg = Debug|Any CPU
		{7D4F16B0-ADFA-45FF-B0C0-1844B9EC3C35}.Debug|Any CPU.Build.0 = Debug|Any CPU
		{7D4F16B0-ADFA-45FF-B0C0-1844B9EC3C35}.Debug|Mixed Platforms.ActiveCfg = Debug|Any CPU
		{7D4F16B0-ADFA-45FF-B0C0-1844B9EC3C35}.Debug|Mixed Platforms.Build.0 = Debug|Any CPU
		{7D4F16B0-ADFA-45FF-B0C0-1844B9EC3C35}.Debug|x86.ActiveCfg = Debug|Any CPU
		{7D4F16B0-ADFA-45FF-B0C0-1844B9EC3C35}.Debug|x86.Build.0 = Debug|Any CPU
		{7D4F16B0-ADFA-45FF-B0C0-1844B9EC3C35}.FullNodeCountDebug|Any CPU.ActiveCfg = Debug|Any CPU
		{7D4F16B0-ADFA-45FF-B0C0-1844B9EC3C35}.FullNodeCountDebug|Any CPU.Build.0 = Debug|Any CPU
		{7D4F16B0-ADFA-45FF-B0C0-1844B9EC3C35}.FullNodeCountDebug|Mixed Platforms.ActiveCfg = Debug|Any CPU
		{7D4F16B0-ADFA-45FF-B0C0-1844B9EC3C35}.FullNodeCountDebug|Mixed Platforms.Build.0 = Debug|Any CPU
		{7D4F16B0-ADFA-45FF-B0C0-1844B9EC3C35}.FullNodeCountDebug|x64.ActiveCfg = Debug|Any CPU
		{7D4F16B0-ADFA-45FF-B0C0-1844B9EC3C35}.FullNodeCountDebug|x64.Build.0 = Debug|Any CPU
		{7D4F16B0-ADFA-45FF-B0C0-1844B9EC3C35}.FullNodeCountDebug|x86.ActiveCfg = Debug|Any CPU
		{7D4F16B0-ADFA-45FF-B0C0-1844B9EC3C35}.FullNodeCountDebug|x86.Build.0 = Debug|Any CPU
		{7D4F16B0-ADFA-45FF-B0C0-1844B9EC3C35}.Release|Any CPU.ActiveCfg = Release|Any CPU
		{7D4F16B0-ADFA-45FF-B0C0-1844B9EC3C35}.Release|Any CPU.Build.0 = Release|Any CPU
		{7D4F16B0-ADFA-45FF-B0C0-1844B9EC3C35}.Release|Mixed Platforms.ActiveCfg = Release|Any CPU
		{7D4F16B0-ADFA-45FF-B0C0-1844B9EC3C35}.Release|Mixed Platforms.Build.0 = Release|Any CPU
		{7D4F16B0-ADFA-45FF-B0C0-1844B9EC3C35}.Release|x64.ActiveCfg = Release|Any CPU
		{7D4F16B0-ADFA-45FF-B0C0-1844B9EC3C35}.Release|x64.Build.0 = Release|Any CPU
		{7D4F16B0-ADFA-45FF-B0C0-1844B9EC3C35}.Release|x86.ActiveCfg = Release|Any CPU
		{7D4F16B0-ADFA-45FF-B0C0-1844B9EC3C35}.Release|x86.Build.0 = Release|Any CPU
		{7D4F16B0-ADFA-45FF-B0C0-1844B9EC3C35}.UCI|Any CPU.ActiveCfg = UCI|Any CPU
		{7D4F16B0-ADFA-45FF-B0C0-1844B9EC3C35}.UCI|Any CPU.Build.0 = UCI|Any CPU
		{7D4F16B0-ADFA-45FF-B0C0-1844B9EC3C35}.UCI|Mixed Platforms.ActiveCfg = UCI|Any CPU
		{7D4F16B0-ADFA-45FF-B0C0-1844B9EC3C35}.UCI|Mixed Platforms.Build.0 = UCI|Any CPU
		{7D4F16B0-ADFA-45FF-B0C0-1844B9EC3C35}.UCI|x64.ActiveCfg = UCI|x64
		{7D4F16B0-ADFA-45FF-B0C0-1844B9EC3C35}.UCI|x64.Build.0 = UCI|x64
		{7D4F16B0-ADFA-45FF-B0C0-1844B9EC3C35}.UCI|x86.ActiveCfg = UCI|Any CPU
		{7D4F16B0-ADFA-45FF-B0C0-1844B9EC3C35}.UCI|x86.Build.0 = UCI|Any CPU
		{7D4F16B0-ADFA-45FF-B0C0-1844B9EC3C35}.Debug|x64.ActiveCfg = Debug|x64
		{7D4F16B0-ADFA-45FF-B0C0-1844B9EC3C35}.Debug|x64.Build.0 = Debug|x64
		{50F0B236-EB80-443D-924F-67C65F6F9336}.Debug|Any CPU.ActiveCfg = Debug|Any CPU
		{50F0B236-EB80-443D-924F-67C65F6F9336}.Debug|Any CPU.Build.0 = Debug|Any CPU
		{50F0B236-EB80-443D-924F-67C65F6F9336}.Debug|Mixed Platforms.ActiveCfg = Debug|Any CPU
		{50F0B236-EB80-443D-924F-67C65F6F9336}.Debug|Mixed Platforms.Build.0 = Debug|Any CPU
		{50F0B236-EB80-443D-924F-67C65F6F9336}.Debug|x64.ActiveCfg = Debug|Any CPU
		{50F0B236-EB80-443D-924F-67C65F6F9336}.Debug|x64.Build.0 = Debug|Any CPU
		{50F0B236-EB80-443D-924F-67C65F6F9336}.Debug|x86.ActiveCfg = Debug|Any CPU
		{50F0B236-EB80-443D-924F-67C65F6F9336}.Debug|x86.Build.0 = Debug|Any CPU
		{50F0B236-EB80-443D-924F-67C65F6F9336}.FullNodeCountDebug|Any CPU.ActiveCfg = Debug|Any CPU
		{50F0B236-EB80-443D-924F-67C65F6F9336}.FullNodeCountDebug|Any CPU.Build.0 = Debug|Any CPU
		{50F0B236-EB80-443D-924F-67C65F6F9336}.FullNodeCountDebug|Mixed Platforms.ActiveCfg = Debug|Any CPU
		{50F0B236-EB80-443D-924F-67C65F6F9336}.FullNodeCountDebug|Mixed Platforms.Build.0 = Debug|Any CPU
		{50F0B236-EB80-443D-924F-67C65F6F9336}.FullNodeCountDebug|x64.ActiveCfg = Debug|Any CPU
		{50F0B236-EB80-443D-924F-67C65F6F9336}.FullNodeCountDebug|x64.Build.0 = Debug|Any CPU
		{50F0B236-EB80-443D-924F-67C65F6F9336}.FullNodeCountDebug|x86.ActiveCfg = Debug|Any CPU
		{50F0B236-EB80-443D-924F-67C65F6F9336}.FullNodeCountDebug|x86.Build.0 = Debug|Any CPU
		{50F0B236-EB80-443D-924F-67C65F6F9336}.Release|Any CPU.ActiveCfg = Release|Any CPU
		{50F0B236-EB80-443D-924F-67C65F6F9336}.Release|Any CPU.Build.0 = Release|Any CPU
		{50F0B236-EB80-443D-924F-67C65F6F9336}.Release|Mixed Platforms.ActiveCfg = Release|Any CPU
		{50F0B236-EB80-443D-924F-67C65F6F9336}.Release|Mixed Platforms.Build.0 = Release|Any CPU
		{50F0B236-EB80-443D-924F-67C65F6F9336}.Release|x64.ActiveCfg = Release|Any CPU
		{50F0B236-EB80-443D-924F-67C65F6F9336}.Release|x64.Build.0 = Release|Any CPU
		{50F0B236-EB80-443D-924F-67C65F6F9336}.Release|x86.ActiveCfg = Release|Any CPU
		{50F0B236-EB80-443D-924F-67C65F6F9336}.Release|x86.Build.0 = Release|Any CPU
		{50F0B236-EB80-443D-924F-67C65F6F9336}.UCI|Any CPU.ActiveCfg = Debug|Any CPU
		{50F0B236-EB80-443D-924F-67C65F6F9336}.UCI|Any CPU.Build.0 = Debug|Any CPU
		{50F0B236-EB80-443D-924F-67C65F6F9336}.UCI|Mixed Platforms.ActiveCfg = Debug|Any CPU
		{50F0B236-EB80-443D-924F-67C65F6F9336}.UCI|Mixed Platforms.Build.0 = Debug|Any CPU
		{50F0B236-EB80-443D-924F-67C65F6F9336}.UCI|x64.ActiveCfg = Debug|Any CPU
		{50F0B236-EB80-443D-924F-67C65F6F9336}.UCI|x64.Build.0 = Debug|Any CPU
		{50F0B236-EB80-443D-924F-67C65F6F9336}.UCI|x86.ActiveCfg = Debug|Any CPU
		{50F0B236-EB80-443D-924F-67C65F6F9336}.UCI|x86.Build.0 = Debug|Any CPU
		{78D6EEBC-CD5B-49C2-A878-58FCB74E14E3}.Release|x64.ActiveCfg = Release|x64
		{78D6EEBC-CD5B-49C2-A878-58FCB74E14E3}.Release|x64.Build.0 = Release|x64
		{78D6EEBC-CD5B-49C2-A878-58FCB74E14E3}.Debug|x64.ActiveCfg = Debug|x64
		{78D6EEBC-CD5B-49C2-A878-58FCB74E14E3}.Debug|x86.ActiveCfg = Debug|x64
		{78D6EEBC-CD5B-49C2-A878-58FCB74E14E3}.Debug|x64.Build.0 = Debug|x64
		{78D6EEBC-CD5B-49C2-A878-58FCB74E14E3}.Debug|Any CPU.ActiveCfg = Debug|Any CPU
		{78D6EEBC-CD5B-49C2-A878-58FCB74E14E3}.Debug|Any CPU.Build.0 = Debug|Any CPU
	EndGlobalSection
	GlobalSection(SolutionProperties) = preSolution
		HideSolutionNode = FALSE
	EndGlobalSection
	GlobalSection(ExtensibilityGlobals) = postSolution
		VisualSVNWorkingCopyRoot = .
		SolutionGuid = {6F1D0E0A-9E97-4448-AE89-624115F03BE6}
	EndGlobalSection
	GlobalSection(Performance) = preSolution
		HasPerformanceSessions = true
	EndGlobalSection
EndGlobal
