
Microsoft Visual Studio Solution File, Format Version 12.00
Project("{FAE04EC0-301F-11D3-BF4B-00C04F79EFBC}") = "ResourceLoading", "ResourceLoading\ResourceLoading.csproj", "{23C62902-6FEC-45B1-81BB-317905253F20}"
EndProject
Project("{FAE04EC0-301F-11D3-BF4B-00C04F79EFBC}") = "Logging", "Logging\Logging.csproj", "{EEDA05A1-37B7-43F9-9AA0-9D52E90BBD27}"
EndProject
Project("{FAE04EC0-301F-11D3-BF4B-00C04F79EFBC}") = "ChessEngine", "ChessEngine\ChessEngine.csproj", "{3A48ECC3-51C1-412C-88C0-400579125B0B}"
EndProject
Project("{FAE04EC0-301F-11D3-BF4B-00C04F79EFBC}") = "ChessEngineTests", "ChessEngineTests\ChessEngineTests.csproj", "{EF047EE2-E520-4342-B312-EBB3CD0F59EA}"
EndProject
Project("{FAE04EC0-301F-11D3-BF4B-00C04F79EFBC}") = "EngineEvaluation", "EngineEvaluation\EngineEvaluation.csproj", "{1975D126-F818-435D-B4AD-602AF4E5DBC8}"
EndProject
Project("{FAE04EC0-301F-11D3-BF4B-00C04F79EFBC}") = "Genie_CommandLine", "Genie_CommandLine\Genie_CommandLine.csproj", "{B4C60696-E619-4C7B-A73E-4A152113C2E4}"
EndProject
Project("{FAE04EC0-301F-11D3-BF4B-00C04F79EFBC}") = "Genie_UCI", "Genie_UCI\Genie_UCI.csproj", "{9393EFF7-E124-4F21-96AA-9DFCBA3FA1A6}"
EndProject
Project("{FAE04EC0-301F-11D3-BF4B-00C04F79EFBC}") = "Genie_WPF", "Genie_WPF\Genie_WPF.csproj", "{868E2EC9-18DC-4C82-9084-85923C4F0AC5}"
EndProject
Global
	GlobalSection(SolutionConfigurationPlatforms) = preSolution
		Debug|Any CPU = Debug|Any CPU
		Release|Any CPU = Release|Any CPU
	EndGlobalSection
	GlobalSection(ProjectConfigurationPlatforms) = postSolution
		{23C62902-6FEC-45B1-81BB-317905253F20}.Debug|Any CPU.ActiveCfg = Debug|Any CPU
		{23C62902-6FEC-45B1-81BB-317905253F20}.Debug|Any CPU.Build.0 = Debug|Any CPU
		{23C62902-6FEC-45B1-81BB-317905253F20}.Release|Any CPU.ActiveCfg = Release|Any CPU
		{23C62902-6FEC-45B1-81BB-317905253F20}.Release|Any CPU.Build.0 = Release|Any CPU
		{EEDA05A1-37B7-43F9-9AA0-9D52E90BBD27}.Debug|Any CPU.ActiveCfg = Debug|Any CPU
		{EEDA05A1-37B7-43F9-9AA0-9D52E90BBD27}.Debug|Any CPU.Build.0 = Debug|Any CPU
		{EEDA05A1-37B7-43F9-9AA0-9D52E90BBD27}.Release|Any CPU.ActiveCfg = Release|Any CPU
		{EEDA05A1-37B7-43F9-9AA0-9D52E90BBD27}.Release|Any CPU.Build.0 = Release|Any CPU
		{3A48ECC3-51C1-412C-88C0-400579125B0B}.Debug|Any CPU.ActiveCfg = Debug|Any CPU
		{3A48ECC3-51C1-412C-88C0-400579125B0B}.Debug|Any CPU.Build.0 = Debug|Any CPU
		{3A48ECC3-51C1-412C-88C0-400579125B0B}.Release|Any CPU.ActiveCfg = Release|Any CPU
		{3A48ECC3-51C1-412C-88C0-400579125B0B}.Release|Any CPU.Build.0 = Release|Any CPU
		{EF047EE2-E520-4342-B312-EBB3CD0F59EA}.Debug|Any CPU.ActiveCfg = Debug|Any CPU
		{EF047EE2-E520-4342-B312-EBB3CD0F59EA}.Debug|Any CPU.Build.0 = Debug|Any CPU
		{EF047EE2-E520-4342-B312-EBB3CD0F59EA}.Release|Any CPU.ActiveCfg = Release|Any CPU
		{EF047EE2-E520-4342-B312-EBB3CD0F59EA}.Release|Any CPU.Build.0 = Release|Any CPU
		{1975D126-F818-435D-B4AD-602AF4E5DBC8}.Debug|Any CPU.ActiveCfg = Debug|Any CPU
		{1975D126-F818-435D-B4AD-602AF4E5DBC8}.Debug|Any CPU.Build.0 = Debug|Any CPU
		{1975D126-F818-435D-B4AD-602AF4E5DBC8}.Release|Any CPU.ActiveCfg = Release|Any CPU
		{1975D126-F818-435D-B4AD-602AF4E5DBC8}.Release|Any CPU.Build.0 = Release|Any CPU
		{B4C60696-E619-4C7B-A73E-4A152113C2E4}.Debug|Any CPU.ActiveCfg = Debug|Any CPU
		{B4C60696-E619-4C7B-A73E-4A152113C2E4}.Debug|Any CPU.Build.0 = Debug|Any CPU
		{B4C60696-E619-4C7B-A73E-4A152113C2E4}.Release|Any CPU.ActiveCfg = Release|Any CPU
		{B4C60696-E619-4C7B-A73E-4A152113C2E4}.Release|Any CPU.Build.0 = Release|Any CPU
		{9393EFF7-E124-4F21-96AA-9DFCBA3FA1A6}.Debug|Any CPU.ActiveCfg = Debug|Any CPU
		{9393EFF7-E124-4F21-96AA-9DFCBA3FA1A6}.Debug|Any CPU.Build.0 = Debug|Any CPU
		{9393EFF7-E124-4F21-96AA-9DFCBA3FA1A6}.Release|Any CPU.ActiveCfg = Release|Any CPU
		{9393EFF7-E124-4F21-96AA-9DFCBA3FA1A6}.Release|Any CPU.Build.0 = Release|Any CPU
		{868E2EC9-18DC-4C82-9084-85923C4F0AC5}.Debug|Any CPU.ActiveCfg = Debug|Any CPU
		{868E2EC9-18DC-4C82-9084-85923C4F0AC5}.Debug|Any CPU.Build.0 = Debug|Any CPU
		{868E2EC9-18DC-4C82-9084-85923C4F0AC5}.Release|Any CPU.ActiveCfg = Release|Any CPU
		{868E2EC9-18DC-4C82-9084-85923C4F0AC5}.Release|Any CPU.Build.0 = Release|Any CPU
	EndGlobalSection
EndGlobal
